// !$*UTF8*$!
{
	archiveVersion = 1;
	classes = {
	};
	objectVersion = 48;
	objects = {

/* Begin PBXBuildFile section */
		B088713D691DEE5DF923F85C /* Pods_ListShop.framework in Frameworks */ = {isa = PBXBuildFile; fileRef = 71D9EEC7499056CC166C5E70 /* Pods_ListShop.framework */; };
		D3547BF51FC8C0F6008B9C48 /* AppDelegate.swift in Sources */ = {isa = PBXBuildFile; fileRef = D3547BF41FC8C0F6008B9C48 /* AppDelegate.swift */; };
		D3547BF71FC8C0F6008B9C48 /* ViewController.swift in Sources */ = {isa = PBXBuildFile; fileRef = D3547BF61FC8C0F6008B9C48 /* ViewController.swift */; };
		D3547BFA1FC8C0F6008B9C48 /* Main.storyboard in Resources */ = {isa = PBXBuildFile; fileRef = D3547BF81FC8C0F6008B9C48 /* Main.storyboard */; };
		D3547BFC1FC8C0F6008B9C48 /* Assets.xcassets in Resources */ = {isa = PBXBuildFile; fileRef = D3547BFB1FC8C0F6008B9C48 /* Assets.xcassets */; };
		D3547BFF1FC8C0F6008B9C48 /* LaunchScreen.storyboard in Resources */ = {isa = PBXBuildFile; fileRef = D3547BFD1FC8C0F6008B9C48 /* LaunchScreen.storyboard */; };
		D3547C071FC8C161008B9C48 /* ListTableViewController.swift in Sources */ = {isa = PBXBuildFile; fileRef = D3547C061FC8C161008B9C48 /* ListTableViewController.swift */; };
/* End PBXBuildFile section */

/* Begin PBXFileReference section */
		20103DB3C2C61489525565C7 /* Pods-ListShop.release.xcconfig */ = {isa = PBXFileReference; includeInIndex = 1; lastKnownFileType = text.xcconfig; name = "Pods-ListShop.release.xcconfig"; path = "Pods/Target Support Files/Pods-ListShop/Pods-ListShop.release.xcconfig"; sourceTree = "<group>"; };
		71D9EEC7499056CC166C5E70 /* Pods_ListShop.framework */ = {isa = PBXFileReference; explicitFileType = wrapper.framework; includeInIndex = 0; path = Pods_ListShop.framework; sourceTree = BUILT_PRODUCTS_DIR; };
		ABDB0FD53BD2B01F665D640E /* Pods-ListShop.debug.xcconfig */ = {isa = PBXFileReference; includeInIndex = 1; lastKnownFileType = text.xcconfig; name = "Pods-ListShop.debug.xcconfig"; path = "Pods/Target Support Files/Pods-ListShop/Pods-ListShop.debug.xcconfig"; sourceTree = "<group>"; };
		D3547BF11FC8C0F6008B9C48 /* ListShop.app */ = {isa = PBXFileReference; explicitFileType = wrapper.application; includeInIndex = 0; path = ListShop.app; sourceTree = BUILT_PRODUCTS_DIR; };
		D3547BF41FC8C0F6008B9C48 /* AppDelegate.swift */ = {isa = PBXFileReference; lastKnownFileType = sourcecode.swift; path = AppDelegate.swift; sourceTree = "<group>"; };
		D3547BF61FC8C0F6008B9C48 /* ViewController.swift */ = {isa = PBXFileReference; lastKnownFileType = sourcecode.swift; path = ViewController.swift; sourceTree = "<group>"; };
		D3547BF91FC8C0F6008B9C48 /* Base */ = {isa = PBXFileReference; lastKnownFileType = file.storyboard; name = Base; path = Base.lproj/Main.storyboard; sourceTree = "<group>"; };
		D3547BFB1FC8C0F6008B9C48 /* Assets.xcassets */ = {isa = PBXFileReference; lastKnownFileType = folder.assetcatalog; path = Assets.xcassets; sourceTree = "<group>"; };
		D3547BFE1FC8C0F6008B9C48 /* Base */ = {isa = PBXFileReference; lastKnownFileType = file.storyboard; name = Base; path = Base.lproj/LaunchScreen.storyboard; sourceTree = "<group>"; };
		D3547C001FC8C0F6008B9C48 /* Info.plist */ = {isa = PBXFileReference; lastKnownFileType = text.plist.xml; path = Info.plist; sourceTree = "<group>"; };
		D3547C061FC8C161008B9C48 /* ListTableViewController.swift */ = {isa = PBXFileReference; lastKnownFileType = sourcecode.swift; path = ListTableViewController.swift; sourceTree = "<group>"; };
		D3547C081FC8C234008B9C48 /* GoogleService-Info.plist */ = {isa = PBXFileReference; lastKnownFileType = text.plist.xml; path = "GoogleService-Info.plist"; sourceTree = "<group>"; };
/* End PBXFileReference section */

/* Begin PBXFrameworksBuildPhase section */
		D3547BEE1FC8C0F6008B9C48 /* Frameworks */ = {
			isa = PBXFrameworksBuildPhase;
			buildActionMask = 2147483647;
			files = (
				B088713D691DEE5DF923F85C /* Pods_ListShop.framework in Frameworks */,
			);
			runOnlyForDeploymentPostprocessing = 0;
		};
/* End PBXFrameworksBuildPhase section */

/* Begin PBXGroup section */
		6E7D1D7132F228BC6EF1B597 /* Frameworks */ = {
			isa = PBXGroup;
			children = (
				71D9EEC7499056CC166C5E70 /* Pods_ListShop.framework */,
			);
			name = Frameworks;
			sourceTree = "<group>";
		};
		9422FD9D35B8A5D38182C935 /* Pods */ = {
			isa = PBXGroup;
			children = (
				ABDB0FD53BD2B01F665D640E /* Pods-ListShop.debug.xcconfig */,
				20103DB3C2C61489525565C7 /* Pods-ListShop.release.xcconfig */,
			);
			name = Pods;
			sourceTree = "<group>";
		};
		D3547BE81FC8C0F6008B9C48 = {
			isa = PBXGroup;
			children = (
				D3547BF31FC8C0F6008B9C48 /* ListShop */,
				D3547BF21FC8C0F6008B9C48 /* Products */,
				9422FD9D35B8A5D38182C935 /* Pods */,
				6E7D1D7132F228BC6EF1B597 /* Frameworks */,
			);
			sourceTree = "<group>";
		};
		D3547BF21FC8C0F6008B9C48 /* Products */ = {
			isa = PBXGroup;
			children = (
				D3547BF11FC8C0F6008B9C48 /* ListShop.app */,
			);
			name = Products;
			sourceTree = "<group>";
		};
		D3547BF31FC8C0F6008B9C48 /* ListShop */ = {
			isa = PBXGroup;
			children = (
				D3547BF41FC8C0F6008B9C48 /* AppDelegate.swift */,
				D3547BF61FC8C0F6008B9C48 /* ViewController.swift */,
				D3EC948A1FC8C46A00AFAEB2 /* Controller */,
				D3EC94891FC8C45800AFAEB2 /* View */,
				D3547BFB1FC8C0F6008B9C48 /* Assets.xcassets */,
				D3547C001FC8C0F6008B9C48 /* Info.plist */,
				D3547C081FC8C234008B9C48 /* GoogleService-Info.plist */,
			);
			path = ListShop;
			sourceTree = "<group>";
		};
		D3EC94891FC8C45800AFAEB2 /* View */ = {
			isa = PBXGroup;
			children = (
				D3547BF81FC8C0F6008B9C48 /* Main.storyboard */,
				D3547BFD1FC8C0F6008B9C48 /* LaunchScreen.storyboard */,
			);
			path = View;
			sourceTree = "<group>";
		};
		D3EC948A1FC8C46A00AFAEB2 /* Controller */ = {
			isa = PBXGroup;
			children = (
				D3547C061FC8C161008B9C48 /* ListTableViewController.swift */,
			);
			path = Controller;
			sourceTree = "<group>";
		};
/* End PBXGroup section */

/* Begin PBXNativeTarget section */
		D3547BF01FC8C0F6008B9C48 /* ListShop */ = {
			isa = PBXNativeTarget;
			buildConfigurationList = D3547C031FC8C0F6008B9C48 /* Build configuration list for PBXNativeTarget "ListShop" */;
			buildPhases = (
				C3A0A09A6C11DF01E8B09EEF /* [CP] Check Pods Manifest.lock */,
				D3547BED1FC8C0F6008B9C48 /* Sources */,
				D3547BEE1FC8C0F6008B9C48 /* Frameworks */,
				D3547BEF1FC8C0F6008B9C48 /* Resources */,
				91DA55273ADB45F18D3C86CA /* [CP] Embed Pods Frameworks */,
				E666E02B5FC8909528F04F7F /* [CP] Copy Pods Resources */,
			);
			buildRules = (
			);
			dependencies = (
			);
			name = ListShop;
			productName = ListShop;
			productReference = D3547BF11FC8C0F6008B9C48 /* ListShop.app */;
			productType = "com.apple.product-type.application";
		};
/* End PBXNativeTarget section */

/* Begin PBXProject section */
		D3547BE91FC8C0F6008B9C48 /* Project object */ = {
			isa = PBXProject;
			attributes = {
				LastSwiftUpdateCheck = 0900;
				LastUpgradeCheck = 0900;
				ORGANIZATIONNAME = "Marx, Brian";
				TargetAttributes = {
					D3547BF01FC8C0F6008B9C48 = {
						CreatedOnToolsVersion = 9.0;
						ProvisioningStyle = Automatic;
					};
				};
			};
			buildConfigurationList = D3547BEC1FC8C0F6008B9C48 /* Build configuration list for PBXProject "ListShop" */;
			compatibilityVersion = "Xcode 8.0";
			developmentRegion = en;
			hasScannedForEncodings = 0;
			knownRegions = (
				en,
				Base,
			);
			mainGroup = D3547BE81FC8C0F6008B9C48;
			productRefGroup = D3547BF21FC8C0F6008B9C48 /* Products */;
			projectDirPath = "";
			projectRoot = "";
			targets = (
				D3547BF01FC8C0F6008B9C48 /* ListShop */,
			);
		};
/* End PBXProject section */

/* Begin PBXResourcesBuildPhase section */
		D3547BEF1FC8C0F6008B9C48 /* Resources */ = {
			isa = PBXResourcesBuildPhase;
			buildActionMask = 2147483647;
			files = (
				D3547BFF1FC8C0F6008B9C48 /* LaunchScreen.storyboard in Resources */,
				D3547BFC1FC8C0F6008B9C48 /* Assets.xcassets in Resources */,
				D3547BFA1FC8C0F6008B9C48 /* Main.storyboard in Resources */,
			);
			runOnlyForDeploymentPostprocessing = 0;
		};
/* End PBXResourcesBuildPhase section */

/* Begin PBXShellScriptBuildPhase section */
		91DA55273ADB45F18D3C86CA /* [CP] Embed Pods Frameworks */ = {
			isa = PBXShellScriptBuildPhase;
			buildActionMask = 2147483647;
			files = (
			);
			inputPaths = (
			);
			name = "[CP] Embed Pods Frameworks";
			outputPaths = (
			);
			runOnlyForDeploymentPostprocessing = 0;
			shellPath = /bin/sh;
			shellScript = "\"${SRCROOT}/Pods/Target Support Files/Pods-ListShop/Pods-ListShop-frameworks.sh\"\n";
			showEnvVarsInLog = 0;
		};
		C3A0A09A6C11DF01E8B09EEF /* [CP] Check Pods Manifest.lock */ = {
			isa = PBXShellScriptBuildPhase;
			buildActionMask = 2147483647;
			files = (
			);
			inputPaths = (
			);
			name = "[CP] Check Pods Manifest.lock";
			outputPaths = (
			);
			runOnlyForDeploymentPostprocessing = 0;
			shellPath = /bin/sh;
			shellScript = "diff \"${PODS_PODFILE_DIR_PATH}/Podfile.lock\" \"${PODS_ROOT}/Manifest.lock\" > /dev/null\nif [ $? != 0 ] ; then\n    # print error to STDERR\n    echo \"error: The sandbox is not in sync with the Podfile.lock. Run 'pod install' or update your CocoaPods installation.\" >&2\n    exit 1\nfi\n";
			showEnvVarsInLog = 0;
		};
		E666E02B5FC8909528F04F7F /* [CP] Copy Pods Resources */ = {
			isa = PBXShellScriptBuildPhase;
			buildActionMask = 2147483647;
			files = (
			);
			inputPaths = (
			);
			name = "[CP] Copy Pods Resources";
			outputPaths = (
			);
			runOnlyForDeploymentPostprocessing = 0;
			shellPath = /bin/sh;
			shellScript = "\"${SRCROOT}/Pods/Target Support Files/Pods-ListShop/Pods-ListShop-resources.sh\"\n";
			showEnvVarsInLog = 0;
		};
/* End PBXShellScriptBuildPhase section */

/* Begin PBXSourcesBuildPhase section */
		D3547BED1FC8C0F6008B9C48 /* Sources */ = {
			isa = PBXSourcesBuildPhase;
			buildActionMask = 2147483647;
			files = (
				D3547C071FC8C161008B9C48 /* ListTableViewController.swift in Sources */,
				D3547BF71FC8C0F6008B9C48 /* ViewController.swift in Sources */,
				D3547BF51FC8C0F6008B9C48 /* AppDelegate.swift in Sources */,
			);
			runOnlyForDeploymentPostprocessing = 0;
		};
/* End PBXSourcesBuildPhase section */

/* Begin PBXVariantGroup section */
		D3547BF81FC8C0F6008B9C48 /* Main.storyboard */ = {
			isa = PBXVariantGroup;
			children = (
				D3547BF91FC8C0F6008B9C48 /* Base */,
			);
			name = Main.storyboard;
			sourceTree = "<group>";
		};
		D3547BFD1FC8C0F6008B9C48 /* LaunchScreen.storyboard */ = {
			isa = PBXVariantGroup;
			children = (
				D3547BFE1FC8C0F6008B9C48 /* Base */,
			);
			name = LaunchScreen.storyboard;
			sourceTree = "<group>";
		};
/* End PBXVariantGroup section */

/* Begin XCBuildConfiguration section */
		D3547C011FC8C0F6008B9C48 /* Debug */ = {
			isa = XCBuildConfiguration;
			buildSettings = {
				ALWAYS_SEARCH_USER_PATHS = NO;
				CLANG_ANALYZER_NONNULL = YES;
				CLANG_ANALYZER_NUMBER_OBJECT_CONVERSION = YES_AGGRESSIVE;
				CLANG_CXX_LANGUAGE_STANDARD = "gnu++14";
				CLANG_CXX_LIBRARY = "libc++";
				CLANG_ENABLE_MODULES = YES;
				CLANG_ENABLE_OBJC_ARC = YES;
				CLANG_WARN_BLOCK_CAPTURE_AUTORELEASING = YES;
				CLANG_WARN_BOOL_CONVERSION = YES;
				CLANG_WARN_COMMA = YES;
				CLANG_WARN_CONSTANT_CONVERSION = YES;
				CLANG_WARN_DIRECT_OBJC_ISA_USAGE = YES_ERROR;
				CLANG_WARN_DOCUMENTATION_COMMENTS = YES;
				CLANG_WARN_EMPTY_BODY = YES;
				CLANG_WARN_ENUM_CONVERSION = YES;
				CLANG_WARN_INFINITE_RECURSION = YES;
				CLANG_WARN_INT_CONVERSION = YES;
				CLANG_WARN_NON_LITERAL_NULL_CONVERSION = YES;
				CLANG_WARN_OBJC_LITERAL_CONVERSION = YES;
				CLANG_WARN_OBJC_ROOT_CLASS = YES_ERROR;
				CLANG_WARN_RANGE_LOOP_ANALYSIS = YES;
				CLANG_WARN_STRICT_PROTOTYPES = YES;
				CLANG_WARN_SUSPICIOUS_MOVE = YES;
				CLANG_WARN_UNGUARDED_AVAILABILITY = YES_AGGRESSIVE;
				CLANG_WARN_UNREACHABLE_CODE = YES;
				CLANG_WARN__DUPLICATE_METHOD_MATCH = YES;
				CODE_SIGN_IDENTITY = "iPhone Developer";
				COPY_PHASE_STRIP = NO;
				DEBUG_INFORMATION_FORMAT = dwarf;
				ENABLE_STRICT_OBJC_MSGSEND = YES;
				ENABLE_TESTABILITY = YES;
				GCC_C_LANGUAGE_STANDARD = gnu11;
				GCC_DYNAMIC_NO_PIC = NO;
				GCC_NO_COMMON_BLOCKS = YES;
				GCC_OPTIMIZATION_LEVEL = 0;
				GCC_PREPROCESSOR_DEFINITIONS = (
					"DEBUG=1",
					"$(inherited)",
				);
				GCC_WARN_64_TO_32_BIT_CONVERSION = YES;
				GCC_WARN_ABOUT_RETURN_TYPE = YES_ERROR;
				GCC_WARN_UNDECLARED_SELECTOR = YES;
				GCC_WARN_UNINITIALIZED_AUTOS = YES_AGGRESSIVE;
				GCC_WARN_UNUSED_FUNCTION = YES;
				GCC_WARN_UNUSED_VARIABLE = YES;
				IPHONEOS_DEPLOYMENT_TARGET = 10.3;
				MTL_ENABLE_DEBUG_INFO = YES;
				ONLY_ACTIVE_ARCH = YES;
				SDKROOT = iphoneos;
				SWIFT_ACTIVE_COMPILATION_CONDITIONS = DEBUG;
				SWIFT_OPTIMIZATION_LEVEL = "-Onone";
			};
			name = Debug;
		};
		D3547C021FC8C0F6008B9C48 /* Release */ = {
			isa = XCBuildConfiguration;
			buildSettings = {
				ALWAYS_SEARCH_USER_PATHS = NO;
				CLANG_ANALYZER_NONNULL = YES;
				CLANG_ANALYZER_NUMBER_OBJECT_CONVERSION = YES_AGGRESSIVE;
				CLANG_CXX_LANGUAGE_STANDARD = "gnu++14";
				CLANG_CXX_LIBRARY = "libc++";
				CLANG_ENABLE_MODULES = YES;
				CLANG_ENABLE_OBJC_ARC = YES;
				CLANG_WARN_BLOCK_CAPTURE_AUTORELEASING = YES;
				CLANG_WARN_BOOL_CONVERSION = YES;
				CLANG_WARN_COMMA = YES;
				CLANG_WARN_CONSTANT_CONVERSION = YES;
				CLANG_WARN_DIRECT_OBJC_ISA_USAGE = YES_ERROR;
				CLANG_WARN_DOCUMENTATION_COMMENTS = YES;
				CLANG_WARN_EMPTY_BODY = YES;
				CLANG_WARN_ENUM_CONVERSION = YES;
				CLANG_WARN_INFINITE_RECURSION = YES;
				CLANG_WARN_INT_CONVERSION = YES;
				CLANG_WARN_NON_LITERAL_NULL_CONVERSION = YES;
				CLANG_WARN_OBJC_LITERAL_CONVERSION = YES;
				CLANG_WARN_OBJC_ROOT_CLASS = YES_ERROR;
				CLANG_WARN_RANGE_LOOP_ANALYSIS = YES;
				CLANG_WARN_STRICT_PROTOTYPES = YES;
				CLANG_WARN_SUSPICIOUS_MOVE = YES;
				CLANG_WARN_UNGUARDED_AVAILABILITY = YES_AGGRESSIVE;
				CLANG_WARN_UNREACHABLE_CODE = YES;
				CLANG_WARN__DUPLICATE_METHOD_MATCH = YES;
				CODE_SIGN_IDENTITY = "iPhone Developer";
				COPY_PHASE_STRIP = NO;
				DEBUG_INFORMATION_FORMAT = "dwarf-with-dsym";
				ENABLE_NS_ASSERTIONS = NO;
				ENABLE_STRICT_OBJC_MSGSEND = YES;
				GCC_C_LANGUAGE_STANDARD = gnu11;
				GCC_NO_COMMON_BLOCKS = YES;
				GCC_WARN_64_TO_32_BIT_CONVERSION = YES;
				GCC_WARN_ABOUT_RETURN_TYPE = YES_ERROR;
				GCC_WARN_UNDECLARED_SELECTOR = YES;
				GCC_WARN_UNINITIALIZED_AUTOS = YES_AGGRESSIVE;
				GCC_WARN_UNUSED_FUNCTION = YES;
				GCC_WARN_UNUSED_VARIABLE = YES;
				IPHONEOS_DEPLOYMENT_TARGET = 10.3;
				MTL_ENABLE_DEBUG_INFO = NO;
				SDKROOT = iphoneos;
				SWIFT_OPTIMIZATION_LEVEL = "-Owholemodule";
				VALIDATE_PRODUCT = YES;
			};
			name = Release;
		};
		D3547C041FC8C0F6008B9C48 /* Debug */ = {
			isa = XCBuildConfiguration;
			baseConfigurationReference = ABDB0FD53BD2B01F665D640E /* Pods-ListShop.debug.xcconfig */;
			buildSettings = {
				ASSETCATALOG_COMPILER_APPICON_NAME = AppIcon;
				CODE_SIGN_STYLE = Automatic;
				DEVELOPMENT_TEAM = 6W3F7S8Q67;
				INFOPLIST_FILE = ListShop/Info.plist;
				LD_RUNPATH_SEARCH_PATHS = "$(inherited) @executable_path/Frameworks";
				PRODUCT_BUNDLE_IDENTIFIER = bmarx.ListShop;
				PRODUCT_NAME = "$(TARGET_NAME)";
				SWIFT_VERSION = 4.0;
				TARGETED_DEVICE_FAMILY = "1,2";
			};
			name = Debug;
		};
		D3547C051FC8C0F6008B9C48 /* Release */ = {
			isa = XCBuildConfiguration;
			baseConfigurationReference = 20103DB3C2C61489525565C7 /* Pods-ListShop.release.xcconfig */;
			buildSettings = {
				ASSETCATALOG_COMPILER_APPICON_NAME = AppIcon;
				CODE_SIGN_STYLE = Automatic;
				DEVELOPMENT_TEAM = 6W3F7S8Q67;
				INFOPLIST_FILE = ListShop/Info.plist;
				LD_RUNPATH_SEARCH_PATHS = "$(inherited) @executable_path/Frameworks";
				PRODUCT_BUNDLE_IDENTIFIER = bmarx.ListShop;
				PRODUCT_NAME = "$(TARGET_NAME)";
				SWIFT_VERSION = 4.0;
				TARGETED_DEVICE_FAMILY = "1,2";
			};
			name = Release;
		};
/* End XCBuildConfiguration section */

/* Begin XCConfigurationList section */
		D3547BEC1FC8C0F6008B9C48 /* Build configuration list for PBXProject "ListShop" */ = {
			isa = XCConfigurationList;
			buildConfigurations = (
				D3547C011FC8C0F6008B9C48 /* Debug */,
				D3547C021FC8C0F6008B9C48 /* Release */,
			);
			defaultConfigurationIsVisible = 0;
			defaultConfigurationName = Release;
		};
		D3547C031FC8C0F6008B9C48 /* Build configuration list for PBXNativeTarget "ListShop" */ = {
			isa = XCConfigurationList;
			buildConfigurations = (
				D3547C041FC8C0F6008B9C48 /* Debug */,
				D3547C051FC8C0F6008B9C48 /* Release */,
			);
			defaultConfigurationIsVisible = 0;
			defaultConfigurationName = Release;
		};
/* End XCConfigurationList section */
	};
	rootObject = D3547BE91FC8C0F6008B9C48 /* Project object */;
}
